lockfileVersion: 5.4

specifiers:
  '@overtrue/easywechat-theme': ^1.0.5
  '@types/markdown-it': ^12.2.3
  '@types/node': ^16.11.41
  autoprefixer: ^10.4.7
  clipboard: ^2.0.11
  dynamics.js: ^1.1.5
  gsap: ^3.10.4
  postcss: ^8.4.14
  postcss-import: ^14.1.0
  tailwindcss: ^3.1.4
  vitepress: 1.0.0-alpha.4
  vue: ^3.2.37

dependencies:
  '@overtrue/easywechat-theme': 1.0.5_vue@3.2.37
  autoprefixer: 10.4.7_postcss@8.4.14
  clipboard: 2.0.11
  dynamics.js: 1.1.5
  gsap: 3.10.4
  postcss: 8.4.14
  postcss-import: 14.1.0_postcss@8.4.14
  tailwindcss: 3.1.4
  vitepress: 1.0.0-alpha.4
  vue: 3.2.37

devDependencies:
  '@types/markdown-it': 12.2.3
  '@types/node': 16.11.41

packages:

  /@algolia/autocomplete-core/1.6.3:
    resolution: {integrity: sha512-dqQqRt01fX3YuVFrkceHsoCnzX0bLhrrg8itJI1NM68KjrPYQPYsE+kY8EZTCM4y8VDnhqJErR73xe/ZsV+qAA==}
    dependencies:
      '@algolia/autocomplete-shared': 1.6.3
    dev: false

  /@algolia/autocomplete-shared/1.6.3:
    resolution: {integrity: sha512-UV46bnkTztyADFaETfzFC5ryIdGVb2zpAoYgu0tfcuYWjhg1KbLXveFffZIrGVoboqmAk1b+jMrl6iCja1i3lg==}
    dev: false

  /@algolia/cache-browser-local-storage/4.13.1:
    resolution: {integrity: sha512-UAUVG2PEfwd/FfudsZtYnidJ9eSCpS+LW9cQiesePQLz41NAcddKxBak6eP2GErqyFagSlnVXe/w2E9h2m2ttg==}
    dependencies:
      '@algolia/cache-common': 4.13.1
    dev: false

  /@algolia/cache-common/4.13.1:
    resolution: {integrity: sha512-7Vaf6IM4L0Jkl3sYXbwK+2beQOgVJ0mKFbz/4qSxKd1iy2Sp77uTAazcX+Dlexekg1fqGUOSO7HS4Sx47ZJmjA==}
    dev: false

  /@algolia/cache-in-memory/4.13.1:
    resolution: {integrity: sha512-pZzybCDGApfA/nutsFK1P0Sbsq6fYJU3DwIvyKg4pURerlJM4qZbB9bfLRef0FkzfQu7W11E4cVLCIOWmyZeuQ==}
    dependencies:
      '@algolia/cache-common': 4.13.1
    dev: false

  /@algolia/client-account/4.13.1:
    resolution: {integrity: sha512-TFLiZ1KqMiir3FNHU+h3b0MArmyaHG+eT8Iojio6TdpeFcAQ1Aiy+2gb3SZk3+pgRJa/BxGmDkRUwE5E/lv3QQ==}
    dependencies:
      '@algolia/client-common': 4.13.1
      '@algolia/client-search': 4.13.1
      '@algolia/transporter': 4.13.1
    dev: false

  /@algolia/client-analytics/4.13.1:
    resolution: {integrity: sha512-iOS1JBqh7xaL5x00M5zyluZ9+9Uy9GqtYHv/2SMuzNW1qP7/0doz1lbcsP3S7KBbZANJTFHUOfuqyRLPk91iFA==}
    dependencies:
      '@algolia/client-common': 4.13.1
      '@algolia/client-search': 4.13.1
      '@algolia/requester-common': 4.13.1
      '@algolia/transporter': 4.13.1
    dev: false

  /@algolia/client-common/4.13.1:
    resolution: {integrity: sha512-LcDoUE0Zz3YwfXJL6lJ2OMY2soClbjrrAKB6auYVMNJcoKZZ2cbhQoFR24AYoxnGUYBER/8B+9sTBj5bj/Gqbg==}
    dependencies:
      '@algolia/requester-common': 4.13.1
      '@algolia/transporter': 4.13.1
    dev: false

  /@algolia/client-personalization/4.13.1:
    resolution: {integrity: sha512-1CqrOW1ypVrB4Lssh02hP//YxluoIYXAQCpg03L+/RiXJlCs+uIqlzC0ctpQPmxSlTK6h07kr50JQoYH/TIM9w==}
    dependencies:
      '@algolia/client-common': 4.13.1
      '@algolia/requester-common': 4.13.1
      '@algolia/transporter': 4.13.1
    dev: false

  /@algolia/client-search/4.13.1:
    resolution: {integrity: sha512-YQKYA83MNRz3FgTNM+4eRYbSmHi0WWpo019s5SeYcL3HUan/i5R09VO9dk3evELDFJYciiydSjbsmhBzbpPP2A==}
    dependencies:
      '@algolia/client-common': 4.13.1
      '@algolia/requester-common': 4.13.1
      '@algolia/transporter': 4.13.1
    dev: false

  /@algolia/logger-common/4.13.1:
    resolution: {integrity: sha512-L6slbL/OyZaAXNtS/1A8SAbOJeEXD5JcZeDCPYDqSTYScfHu+2ePRTDMgUTY4gQ7HsYZ39N1LujOd8WBTmM2Aw==}
    dev: false

  /@algolia/logger-console/4.13.1:
    resolution: {integrity: sha512-7jQOTftfeeLlnb3YqF8bNgA2GZht7rdKkJ31OCeSH2/61haO0tWPoNRjZq9XLlgMQZH276pPo0NdiArcYPHjCA==}
    dependencies:
      '@algolia/logger-common': 4.13.1
    dev: false

  /@algolia/requester-browser-xhr/4.13.1:
    resolution: {integrity: sha512-oa0CKr1iH6Nc7CmU6RE7TnXMjHnlyp7S80pP/LvZVABeJHX3p/BcSCKovNYWWltgTxUg0U1o+2uuy8BpMKljwA==}
    dependencies:
      '@algolia/requester-common': 4.13.1
    dev: false

  /@algolia/requester-common/4.13.1:
    resolution: {integrity: sha512-eGVf0ID84apfFEuXsaoSgIxbU3oFsIbz4XiotU3VS8qGCJAaLVUC5BUJEkiFENZIhon7hIB4d0RI13HY4RSA+w==}
    dev: false

  /@algolia/requester-node-http/4.13.1:
    resolution: {integrity: sha512-7C0skwtLdCz5heKTVe/vjvrqgL/eJxmiEjHqXdtypcE5GCQCYI15cb+wC4ytYioZDMiuDGeVYmCYImPoEgUGPw==}
    dependencies:
      '@algolia/requester-common': 4.13.1
    dev: false

  /@algolia/transporter/4.13.1:
    resolution: {integrity: sha512-pICnNQN7TtrcYJqqPEXByV8rJ8ZRU2hCiIKLTLRyNpghtQG3VAFk6fVtdzlNfdUGZcehSKGarPIZEHlQXnKjgw==}
    dependencies:
      '@algolia/cache-common': 4.13.1
      '@algolia/logger-common': 4.13.1
      '@algolia/requester-common': 4.13.1
    dev: false

  /@babel/helper-validator-identifier/7.16.7:
    resolution: {integrity: sha512-hsEnFemeiW4D08A5gUAZxLBTXpZ39P+a+DGDsHw1yxqyQ/jzFEnxf5uTEGp+3bzAbNOxU1paTgYS4ECU/IgfDw==}
    engines: {node: '>=6.9.0'}
    dev: false

  /@babel/parser/7.18.5:
    resolution: {integrity: sha512-YZWVaglMiplo7v8f1oMQ5ZPQr0vn7HPeZXxXWsxXJRjGVrzUFn9OxFQl1sb5wzfootjA/yChhW84BV+383FSOw==}
    engines: {node: '>=6.0.0'}
    hasBin: true
    dependencies:
      '@babel/types': 7.18.4
    dev: false

  /@babel/types/7.18.4:
    resolution: {integrity: sha512-ThN1mBcMq5pG/Vm2IcBmPPfyPXbd8S02rS+OBIDENdufvqC7Z/jHPCv9IcP01277aKtDI8g/2XysBN4hA8niiw==}
    engines: {node: '>=6.9.0'}
    dependencies:
      '@babel/helper-validator-identifier': 7.16.7
      to-fast-properties: 2.0.0
    dev: false

  /@docsearch/css/3.1.0:
    resolution: {integrity: sha512-bh5IskwkkodbvC0FzSg1AxMykfDl95hebEKwxNoq4e5QaGzOXSBgW8+jnMFZ7JU4sTBiB04vZWoUSzNrPboLZA==}
    dev: false

  /@docsearch/js/3.1.0:
    resolution: {integrity: sha512-5XSK+xbP0hcTIp54MECqxkWLs6kf7Ug4nWdxWNtx8cUpLiFNFnKXDxCb35wnyNpjukmrx7Q9DkO5tFFsmNVxng==}
    dependencies:
      '@docsearch/react': 3.1.0
      preact: 10.8.2
    transitivePeerDependencies:
      - '@types/react'
      - react
      - react-dom
    dev: false

  /@docsearch/react/3.1.0:
    resolution: {integrity: sha512-bjB6ExnZzf++5B7Tfoi6UXgNwoUnNOfZ1NyvnvPhWgCMy5V/biAtLL4o7owmZSYdAKeFSvZ5Lxm0is4su/dBWg==}
    peerDependencies:
      '@types/react': '>= 16.8.0 < 19.0.0'
      react: '>= 16.8.0 < 19.0.0'
      react-dom: '>= 16.8.0 < 19.0.0'
    peerDependenciesMeta:
      '@types/react':
        optional: true
      react:
        optional: true
      react-dom:
        optional: true
    dependencies:
      '@algolia/autocomplete-core': 1.6.3
      '@docsearch/css': 3.1.0
      algoliasearch: 4.13.1
    dev: false

  /@nodelib/fs.scandir/2.1.5:
    resolution: {integrity: sha512-vq24Bq3ym5HEQm2NKCr3yXDwjc7vTsEThRDnkp2DK9p1uqLR+DHurm/NOTo0KG7HYHU7eppKZj3MyqYuMBf62g==}
    engines: {node: '>= 8'}
    dependencies:
      '@nodelib/fs.stat': 2.0.5
      run-parallel: 1.2.0
    dev: false

  /@nodelib/fs.stat/2.0.5:
    resolution: {integrity: sha512-RkhPPp2zrqDAQA/2jNhnztcPAlv64XdhIp7a7454A5ovI7Bukxgt7MX7udwAu3zg1DcpPU0rz3VV1SeaqvY4+A==}
    engines: {node: '>= 8'}
    dev: false

  /@nodelib/fs.walk/1.2.8:
    resolution: {integrity: sha512-oGB+UxlgWcgQkgwo8GcEGwemoTFt3FIO9ababBmaGwXIoBKZ+GTy0pP185beGg7Llih/NSHSV2XAs1lnznocSg==}
    engines: {node: '>= 8'}
    dependencies:
      '@nodelib/fs.scandir': 2.1.5
      fastq: 1.13.0
    dev: false

  /@overtrue/easywechat-theme/1.0.5_vue@3.2.37:
    resolution: {integrity: sha512-lAhge9nsO1rmfstWMd30qF8vWt3x2SuA1rc/i6FbctvGv7NzoN5p4Z4gIfxutcMiVJqdWYsCTFlTXH4bM5sPxg==}
    dependencies:
      '@docsearch/css': 3.1.0
      '@docsearch/js': 3.1.0
      '@vueuse/core': 7.7.1_vue@3.2.37
      body-scroll-lock: 3.1.5
      normalize.css: 8.0.1
      shiki: 0.9.15
    transitivePeerDependencies:
      - '@types/react'
      - '@vue/composition-api'
      - react
      - react-dom
      - vue
    dev: false

  /@types/linkify-it/3.0.2:
    resolution: {integrity: sha512-HZQYqbiFVWufzCwexrvh694SOim8z2d+xJl5UNamcvQFejLY/2YUtzXHYi3cHdI7PMlS8ejH2slRAOJQ32aNbA==}
    dev: true

  /@types/markdown-it/12.2.3:
    resolution: {integrity: sha512-GKMHFfv3458yYy+v/N8gjufHO6MSZKCOXpZc5GXIWWy8uldwfmPn98vp81gZ5f9SVw8YYBctgfJ22a2d7AOMeQ==}
    dependencies:
      '@types/linkify-it': 3.0.2
      '@types/mdurl': 1.0.2
    dev: true

  /@types/mdurl/1.0.2:
    resolution: {integrity: sha512-eC4U9MlIcu2q0KQmXszyn5Akca/0jrQmwDRgpAMJai7qBWq4amIQhZyNau4VYGtCeALvW1/NtjzJJ567aZxfKA==}
    dev: true

  /@types/node/16.11.41:
    resolution: {integrity: sha512-mqoYK2TnVjdkGk8qXAVGc/x9nSaTpSrFaGFm43BUH3IdoBV0nta6hYaGmdOvIMlbHJbUEVen3gvwpwovAZKNdQ==}
    dev: true

  /@types/web-bluetooth/0.0.14:
    resolution: {integrity: sha512-5d2RhCard1nQUC3aHcq/gHzWYO6K0WJmAbjO7mQJgCQKtZpgXxv1rOM6O/dBDhDYYVutk1sciOgNSe+5YyfM8A==}
    dev: false

  /@vitejs/plugin-vue/2.3.3_vite@2.9.12+vue@3.2.37:
    resolution: {integrity: sha512-SmQLDyhz+6lGJhPELsBdzXGc+AcaT8stgkbiTFGpXPe8Tl1tJaBw1A6pxDqDuRsVkD8uscrkx3hA7QDOoKYtyw==}
    engines: {node: '>=12.0.0'}
    peerDependencies:
      vite: ^2.5.10
      vue: ^3.2.25
    dependencies:
      vite: 2.9.12
      vue: 3.2.37
    dev: false

  /@vue/compiler-core/3.2.37:
    resolution: {integrity: sha512-81KhEjo7YAOh0vQJoSmAD68wLfYqJvoiD4ulyedzF+OEk/bk6/hx3fTNVfuzugIIaTrOx4PGx6pAiBRe5e9Zmg==}
    dependencies:
      '@babel/parser': 7.18.5
      '@vue/shared': 3.2.37
      estree-walker: 2.0.2
      source-map: 0.6.1
    dev: false

  /@vue/compiler-dom/3.2.37:
    resolution: {integrity: sha512-yxJLH167fucHKxaqXpYk7x8z7mMEnXOw3G2q62FTkmsvNxu4FQSu5+3UMb+L7fjKa26DEzhrmCxAgFLLIzVfqQ==}
    dependencies:
      '@vue/compiler-core': 3.2.37
      '@vue/shared': 3.2.37
    dev: false

  /@vue/compiler-sfc/3.2.37:
    resolution: {integrity: sha512-+7i/2+9LYlpqDv+KTtWhOZH+pa8/HnX/905MdVmAcI/mPQOBwkHHIzrsEsucyOIZQYMkXUiTkmZq5am/NyXKkg==}
    dependencies:
      '@babel/parser': 7.18.5
      '@vue/compiler-core': 3.2.37
      '@vue/compiler-dom': 3.2.37
      '@vue/compiler-ssr': 3.2.37
      '@vue/reactivity-transform': 3.2.37
      '@vue/shared': 3.2.37
      estree-walker: 2.0.2
      magic-string: 0.25.9
      postcss: 8.4.14
      source-map: 0.6.1
    dev: false

  /@vue/compiler-ssr/3.2.37:
    resolution: {integrity: sha512-7mQJD7HdXxQjktmsWp/J67lThEIcxLemz1Vb5I6rYJHR5vI+lON3nPGOH3ubmbvYGt8xEUaAr1j7/tIFWiEOqw==}
    dependencies:
      '@vue/compiler-dom': 3.2.37
      '@vue/shared': 3.2.37
    dev: false

  /@vue/devtools-api/6.1.4:
    resolution: {integrity: sha512-IiA0SvDrJEgXvVxjNkHPFfDx6SXw0b/TUkqMcDZWNg9fnCAHbTpoo59YfJ9QLFkwa3raau5vSlRVzMSLDnfdtQ==}
    dev: false

  /@vue/reactivity-transform/3.2.37:
    resolution: {integrity: sha512-IWopkKEb+8qpu/1eMKVeXrK0NLw9HicGviJzhJDEyfxTR9e1WtpnnbYkJWurX6WwoFP0sz10xQg8yL8lgskAZg==}
    dependencies:
      '@babel/parser': 7.18.5
      '@vue/compiler-core': 3.2.37
      '@vue/shared': 3.2.37
      estree-walker: 2.0.2
      magic-string: 0.25.9
    dev: false

  /@vue/reactivity/3.2.37:
    resolution: {integrity: sha512-/7WRafBOshOc6m3F7plwzPeCu/RCVv9uMpOwa/5PiY1Zz+WLVRWiy0MYKwmg19KBdGtFWsmZ4cD+LOdVPcs52A==}
    dependencies:
      '@vue/shared': 3.2.37
    dev: false

  /@vue/runtime-core/3.2.37:
    resolution: {integrity: sha512-JPcd9kFyEdXLl/i0ClS7lwgcs0QpUAWj+SKX2ZC3ANKi1U4DOtiEr6cRqFXsPwY5u1L9fAjkinIdB8Rz3FoYNQ==}
    dependencies:
      '@vue/reactivity': 3.2.37
      '@vue/shared': 3.2.37
    dev: false

  /@vue/runtime-dom/3.2.37:
    resolution: {integrity: sha512-HimKdh9BepShW6YozwRKAYjYQWg9mQn63RGEiSswMbW+ssIht1MILYlVGkAGGQbkhSh31PCdoUcfiu4apXJoPw==}
    dependencies:
      '@vue/runtime-core': 3.2.37
      '@vue/shared': 3.2.37
      csstype: 2.6.20
    dev: false

  /@vue/server-renderer/3.2.37_vue@3.2.37:
    resolution: {integrity: sha512-kLITEJvaYgZQ2h47hIzPh2K3jG8c1zCVbp/o/bzQOyvzaKiCquKS7AaioPI28GNxIsE/zSx+EwWYsNxDCX95MA==}
    peerDependencies:
      vue: 3.2.37
    dependencies:
      '@vue/compiler-ssr': 3.2.37
      '@vue/shared': 3.2.37
      vue: 3.2.37
    dev: false

  /@vue/shared/3.2.37:
    resolution: {integrity: sha512-4rSJemR2NQIo9Klm1vabqWjD8rs/ZaJSzMxkMNeJS6lHiUjjUeYFbooN19NgFjztubEKh3WlZUeOLVdbbUWHsw==}
    dev: false

  /@vueuse/core/7.7.1_vue@3.2.37:
    resolution: {integrity: sha512-PRRgbATMpoeUmkCEBtUeJgOwtew8s+4UsEd+Pm7MhkjL2ihCNrSqxNVtM6NFE4uP2sWnkGcZpCjPuNSxowJ1Ow==}
    peerDependencies:
      '@vue/composition-api': ^1.1.0
      vue: ^2.6.0 || ^3.2.0
    peerDependenciesMeta:
      '@vue/composition-api':
        optional: true
      vue:
        optional: true
    dependencies:
      '@vueuse/shared': 7.7.1_vue@3.2.37
      vue: 3.2.37
      vue-demi: 0.13.1_vue@3.2.37
    dev: false

  /@vueuse/core/8.7.5_vue@3.2.37:
    resolution: {integrity: sha512-tqgzeZGoZcXzoit4kOGLWJibDMLp0vdm6ZO41SSUQhkhtrPhAg6dbIEPiahhUu6sZAmSYvVrZgEr5aKD51nrLA==}
    peerDependencies:
      '@vue/composition-api': ^1.1.0
      vue: ^2.6.0 || ^3.2.0
    peerDependenciesMeta:
      '@vue/composition-api':
        optional: true
      vue:
        optional: true
    dependencies:
      '@types/web-bluetooth': 0.0.14
      '@vueuse/metadata': 8.7.5
      '@vueuse/shared': 8.7.5_vue@3.2.37
      vue: 3.2.37
      vue-demi: 0.13.1_vue@3.2.37
    dev: false

  /@vueuse/metadata/8.7.5:
    resolution: {integrity: sha512-emJZKRQSaEnVqmlu39NpNp8iaW+bPC2kWykWoWOZMSlO/0QVEmO/rt8A5VhOEJTKLX3vwTevqbiRy9WJRwVOQg==}
    dev: false

  /@vueuse/shared/7.7.1_vue@3.2.37:
    resolution: {integrity: sha512-rN2qd22AUl7VdBxihagWyhUNHCyVk9IpvBTTfHoLH9G7rGE552X1f+zeCfehuno0zXif13jPw+icW/wn2a0rnQ==}
    peerDependencies:
      '@vue/composition-api': ^1.1.0
      vue: ^2.6.0 || ^3.2.0
    peerDependenciesMeta:
      '@vue/composition-api':
        optional: true
      vue:
        optional: true
    dependencies:
      vue: 3.2.37
      vue-demi: 0.13.1_vue@3.2.37
    dev: false

  /@vueuse/shared/8.7.5_vue@3.2.37:
    resolution: {integrity: sha512-THXPvMBFmg6Gf6AwRn/EdTh2mhqwjGsB2Yfp374LNQSQVKRHtnJ0I42bsZTn7nuEliBxqUrGQm/lN6qUHmhJLw==}
    peerDependencies:
      '@vue/composition-api': ^1.1.0
      vue: ^2.6.0 || ^3.2.0
    peerDependenciesMeta:
      '@vue/composition-api':
        optional: true
      vue:
        optional: true
    dependencies:
      vue: 3.2.37
      vue-demi: 0.13.1_vue@3.2.37
    dev: false

  /acorn-node/1.8.2:
    resolution: {integrity: sha512-8mt+fslDufLYntIoPAaIMUe/lrbrehIiwmR3t2k9LljIzoigEPF27eLk2hy8zSGzmR/ogr7zbRKINMo1u0yh5A==}
    dependencies:
      acorn: 7.4.1
      acorn-walk: 7.2.0
      xtend: 4.0.2
    dev: false

  /acorn-walk/7.2.0:
    resolution: {integrity: sha512-OPdCF6GsMIP+Az+aWfAAOEt2/+iVDKE7oy6lJ098aoe59oAmK76qV6Gw60SbZ8jHuG2wH058GF4pLFbYamYrVA==}
    engines: {node: '>=0.4.0'}
    dev: false

  /acorn/7.4.1:
    resolution: {integrity: sha512-nQyp0o1/mNdbTO1PO6kHkwSrmgZ0MT/jCCpNiwbUjGoRN4dlBhqJtoQuCnEOKzgTVwg0ZWiCoQy6SxMebQVh8A==}
    engines: {node: '>=0.4.0'}
    hasBin: true
    dev: false

  /algoliasearch/4.13.1:
    resolution: {integrity: sha512-dtHUSE0caWTCE7liE1xaL+19AFf6kWEcyn76uhcitWpntqvicFHXKFoZe5JJcv9whQOTRM6+B8qJz6sFj+rDJA==}
    dependencies:
      '@algolia/cache-browser-local-storage': 4.13.1
      '@algolia/cache-common': 4.13.1
      '@algolia/cache-in-memory': 4.13.1
      '@algolia/client-account': 4.13.1
      '@algolia/client-analytics': 4.13.1
      '@algolia/client-common': 4.13.1
      '@algolia/client-personalization': 4.13.1
      '@algolia/client-search': 4.13.1
      '@algolia/logger-common': 4.13.1
      '@algolia/logger-console': 4.13.1
      '@algolia/requester-browser-xhr': 4.13.1
      '@algolia/requester-common': 4.13.1
      '@algolia/requester-node-http': 4.13.1
      '@algolia/transporter': 4.13.1
    dev: false

  /anymatch/3.1.2:
    resolution: {integrity: sha512-P43ePfOAIupkguHUycrc4qJ9kz8ZiuOUijaETwX7THt0Y/GNK7v0aa8rY816xWjZ7rJdA5XdMcpVFTKMq+RvWg==}
    engines: {node: '>= 8'}
    dependencies:
      normalize-path: 3.0.0
      picomatch: 2.3.1
    dev: false

  /arg/5.0.2:
    resolution: {integrity: sha512-PYjyFOLKQ9y57JvQ6QLo8dAgNqswh8M1RMJYdQduT6xbWSgK36P/Z/v+p888pM69jMMfS8Xd8F6I1kQ/I9HUGg==}
    dev: false

  /autoprefixer/10.4.7_postcss@8.4.14:
    resolution: {integrity: sha512-ypHju4Y2Oav95SipEcCcI5J7CGPuvz8oat7sUtYj3ClK44bldfvtvcxK6IEK++7rqB7YchDGzweZIBG+SD0ZAA==}
    engines: {node: ^10 || ^12 || >=14}
    hasBin: true
    peerDependencies:
      postcss: ^8.1.0
    dependencies:
      browserslist: 4.21.0
      caniuse-lite: 1.0.30001359
      fraction.js: 4.2.0
      normalize-range: 0.1.2
      picocolors: 1.0.0
      postcss: 8.4.14
      postcss-value-parser: 4.2.0
    dev: false

  /binary-extensions/2.2.0:
    resolution: {integrity: sha512-jDctJ/IVQbZoJykoeHbhXpOlNBqGNcwXJKJog42E5HDPUwQTSdjCHdihjj0DlnheQ7blbT6dHOafNAiS8ooQKA==}
    engines: {node: '>=8'}
    dev: false

  /body-scroll-lock/3.1.5:
    resolution: {integrity: sha512-Yi1Xaml0EvNA0OYWxXiYNqY24AfWkbA6w5vxE7GWxtKfzIbZM+Qw+aSmkgsbWzbHiy/RCSkUZBplVxTA+E4jJg==}
    dev: false

  /body-scroll-lock/4.0.0-beta.0:
    resolution: {integrity: sha512-a7tP5+0Mw3YlUJcGAKUqIBkYYGlYxk2fnCasq/FUph1hadxlTRjF+gAcZksxANnaMnALjxEddmSi/H3OR8ugcQ==}
    dev: false

  /braces/3.0.2:
    resolution: {integrity: sha512-b8um+L1RzM3WDSzvhm6gIz1yfTbBt6YTlcEKAvsmqCZZFw46z626lVj9j1yEPW33H5H+lBQpZMP1k8l+78Ha0A==}
    engines: {node: '>=8'}
    dependencies:
      fill-range: 7.0.1
    dev: false

  /browserslist/4.21.0:
    resolution: {integrity: sha512-UQxE0DIhRB5z/zDz9iA03BOfxaN2+GQdBYH/2WrSIWEUrnpzTPJbhqt+umq6r3acaPRTW1FNTkrcp0PXgtFkvA==}
    engines: {node: ^6 || ^7 || ^8 || ^9 || ^10 || ^11 || ^12 || >=13.7}
    hasBin: true
    dependencies:
      caniuse-lite: 1.0.30001359
      electron-to-chromium: 1.4.169
      node-releases: 2.0.5
      update-browserslist-db: 1.0.4_browserslist@4.21.0
    dev: false

  /camelcase-css/2.0.1:
    resolution: {integrity: sha512-QOSvevhslijgYwRx6Rv7zKdMF8lbRmx+uQGx2+vDc+KI/eBnsy9kit5aj23AgGu3pa4t9AgwbnXWqS+iOY+2aA==}
    engines: {node: '>= 6'}
    dev: false

  /caniuse-lite/1.0.30001359:
    resolution: {integrity: sha512-Xln/BAsPzEuiVLgJ2/45IaqD9jShtk3Y33anKb4+yLwQzws3+v6odKfpgES/cDEaZMLzSChpIGdbOYtH9MyuHw==}
    dev: false

  /chokidar/3.5.3:
    resolution: {integrity: sha512-Dr3sfKRP6oTcjf2JmUmFJfeVMvXBdegxB0iVQ5eb2V10uFJUCAS8OByZdVAyVb8xXNz3GjjTgj9kLWsZTqE6kw==}
    engines: {node: '>= 8.10.0'}
    dependencies:
      anymatch: 3.1.2
      braces: 3.0.2
      glob-parent: 5.1.2
      is-binary-path: 2.1.0
      is-glob: 4.0.3
      normalize-path: 3.0.0
      readdirp: 3.6.0
    optionalDependencies:
      fsevents: 2.3.2
    dev: false

  /clipboard/2.0.11:
    resolution: {integrity: sha512-C+0bbOqkezLIsmWSvlsXS0Q0bmkugu7jcfMIACB+RDEntIzQIkdr148we28AfSloQLRdZlYL/QYyrq05j/3Faw==}
    dependencies:
      good-listener: 1.2.2
      select: 1.1.2
      tiny-emitter: 2.1.0
    dev: false

  /color-name/1.1.4:
    resolution: {integrity: sha512-dOy+3AuW3a2wNbZHIuMZpTcgjGuLU/uBL/ubcZF9OXbDo8ff4O8yVp5Bf0efS8uEoYo5q4Fx7dY9OgQGXgAsQA==}
    dev: false

  /cssesc/3.0.0:
    resolution: {integrity: sha512-/Tb/JcjK111nNScGob5MNtsntNM1aCNUDipB/TkwZFhyDrrE47SOx/18wF2bbjgc3ZzCSKW1T5nt5EbFoAz/Vg==}
    engines: {node: '>=4'}
    hasBin: true
    dev: false

  /csstype/2.6.20:
    resolution: {integrity: sha512-/WwNkdXfckNgw6S5R125rrW8ez139lBHWouiBvX8dfMFtcn6V81REDqnH7+CRpRipfYlyU1CmOnOxrmGcFOjeA==}
    dev: false

  /defined/1.0.0:
    resolution: {integrity: sha1-yY2bzvdWdBiOEQlpFRGZ45sfppM=}
    dev: false

  /delegate/3.2.0:
    resolution: {integrity: sha512-IofjkYBZaZivn0V8nnsMJGBr4jVLxHDheKSW88PyxS5QC4Vo9ZbZVvhzlSxY87fVq3STR6r+4cGepyHkcWOQSw==}
    dev: false

  /detective/5.2.1:
    resolution: {integrity: sha512-v9XE1zRnz1wRtgurGu0Bs8uHKFSTdteYZNbIPFVhUZ39L/S79ppMpdmVOZAnoz1jfEFodc48n6MX483Xo3t1yw==}
    engines: {node: '>=0.8.0'}
    hasBin: true
    dependencies:
      acorn-node: 1.8.2
      defined: 1.0.0
      minimist: 1.2.6
    dev: false

  /didyoumean/1.2.2:
    resolution: {integrity: sha512-gxtyfqMg7GKyhQmb056K7M3xszy/myH8w+B4RT+QXBQsvAOdc3XymqDDPHx1BgPgsdAA5SIifona89YtRATDzw==}
    dev: false

  /dlv/1.1.3:
    resolution: {integrity: sha512-+HlytyjlPKnIG8XuRG8WvmBP8xs8P71y+SKKS6ZXWoEgLuePxtDoUEiH7WkdePWrQ5JBpE6aoVqfZfJUQkjXwA==}
    dev: false

  /dynamics.js/1.1.5:
    resolution: {integrity: sha1-uQvcM2Bc7+ZSuEFucB95v27vzjI=}
    dev: false

  /electron-to-chromium/1.4.169:
    resolution: {integrity: sha512-Yb7UFva1sLlAaRyCkgoFF3qWvwZacFDtsGKi44rZsk8vnhL0DMhsUdhI4Dz9CCJQfftncDMGSI3AYiDtg8mD/w==}
    dev: false

  /esbuild-android-64/0.14.47:
    resolution: {integrity: sha512-R13Bd9+tqLVFndncMHssZrPWe6/0Kpv2/dt4aA69soX4PRxlzsVpCvoJeFE8sOEoeVEiBkI0myjlkDodXlHa0g==}
    engines: {node: '>=12'}
    cpu: [x64]
    os: [android]
    requiresBuild: true
    dev: false
    optional: true

  /esbuild-android-arm64/0.14.47:
    resolution: {integrity: sha512-OkwOjj7ts4lBp/TL6hdd8HftIzOy/pdtbrNA4+0oVWgGG64HrdVzAF5gxtJufAPOsEjkyh1oIYvKAUinKKQRSQ==}
    engines: {node: '>=12'}
    cpu: [arm64]
    os: [android]
    requiresBuild: true
    dev: false
    optional: true

  /esbuild-darwin-64/0.14.47:
    resolution: {integrity: sha512-R6oaW0y5/u6Eccti/TS6c/2c1xYTb1izwK3gajJwi4vIfNs1s8B1dQzI1UiC9T61YovOQVuePDcfqHLT3mUZJA==}
    engines: {node: '>=12'}
    cpu: [x64]
    os: [darwin]
    requiresBuild: true
    dev: false
    optional: true

  /esbuild-darwin-arm64/0.14.47:
    resolution: {integrity: sha512-seCmearlQyvdvM/noz1L9+qblC5vcBrhUaOoLEDDoLInF/VQ9IkobGiLlyTPYP5dW1YD4LXhtBgOyevoIHGGnw==}
    engines: {node: '>=12'}
    cpu: [arm64]
    os: [darwin]
    requiresBuild: true
    dev: false
    optional: true

  /esbuild-freebsd-64/0.14.47:
    resolution: {integrity: sha512-ZH8K2Q8/Ux5kXXvQMDsJcxvkIwut69KVrYQhza/ptkW50DC089bCVrJZZ3sKzIoOx+YPTrmsZvqeZERjyYrlvQ==}
    engines: {node: '>=12'}
    cpu: [x64]
    os: [freebsd]
    requiresBuild: true
    dev: false
    optional: true

  /esbuild-freebsd-arm64/0.14.47:
    resolution: {integrity: sha512-ZJMQAJQsIOhn3XTm7MPQfCzEu5b9STNC+s90zMWe2afy9EwnHV7Ov7ohEMv2lyWlc2pjqLW8QJnz2r0KZmeAEQ==}
    engines: {node: '>=12'}
    cpu: [arm64]
    os: [freebsd]
    requiresBuild: true
    dev: false
    optional: true

  /esbuild-linux-32/0.14.47:
    resolution: {integrity: sha512-FxZOCKoEDPRYvq300lsWCTv1kcHgiiZfNrPtEhFAiqD7QZaXrad8LxyJ8fXGcWzIFzRiYZVtB3ttvITBvAFhKw==}
    engines: {node: '>=12'}
    cpu: [ia32]
    os: [linux]
    requiresBuild: true
    dev: false
    optional: true

  /esbuild-linux-64/0.14.47:
    resolution: {integrity: sha512-nFNOk9vWVfvWYF9YNYksZptgQAdstnDCMtR6m42l5Wfugbzu11VpMCY9XrD4yFxvPo9zmzcoUL/88y0lfJZJJw==}
    engines: {node: '>=12'}
    cpu: [x64]
    os: [linux]
    requiresBuild: true
    dev: false
    optional: true

  /esbuild-linux-arm/0.14.47:
    resolution: {integrity: sha512-ZGE1Bqg/gPRXrBpgpvH81tQHpiaGxa8c9Rx/XOylkIl2ypLuOcawXEAo8ls+5DFCcRGt/o3sV+PzpAFZobOsmA==}
    engines: {node: '>=12'}
    cpu: [arm]
    os: [linux]
    requiresBuild: true
    dev: false
    optional: true

  /esbuild-linux-arm64/0.14.47:
    resolution: {integrity: sha512-ywfme6HVrhWcevzmsufjd4iT3PxTfCX9HOdxA7Hd+/ZM23Y9nXeb+vG6AyA6jgq/JovkcqRHcL9XwRNpWG6XRw==}
    engines: {node: '>=12'}
    cpu: [arm64]
    os: [linux]
    requiresBuild: true
    dev: false
    optional: true

  /esbuild-linux-mips64le/0.14.47:
    resolution: {integrity: sha512-mg3D8YndZ1LvUiEdDYR3OsmeyAew4MA/dvaEJxvyygahWmpv1SlEEnhEZlhPokjsUMfRagzsEF/d/2XF+kTQGg==}
    engines: {node: '>=12'}
    cpu: [mips64el]
    os: [linux]
    requiresBuild: true
    dev: false
    optional: true

  /esbuild-linux-ppc64le/0.14.47:
    resolution: {integrity: sha512-WER+f3+szmnZiWoK6AsrTKGoJoErG2LlauSmk73LEZFQ/iWC+KhhDsOkn1xBUpzXWsxN9THmQFltLoaFEH8F8w==}
    engines: {node: '>=12'}
    cpu: [ppc64]
    os: [linux]
    requiresBuild: true
    dev: false
    optional: true

  /esbuild-linux-riscv64/0.14.47:
    resolution: {integrity: sha512-1fI6bP3A3rvI9BsaaXbMoaOjLE3lVkJtLxsgLHqlBhLlBVY7UqffWBvkrX/9zfPhhVMd9ZRFiaqXnB1T7BsL2g==}
    engines: {node: '>=12'}
    cpu: [riscv64]
    os: [linux]
    requiresBuild: true
    dev: false
    optional: true

  /esbuild-linux-s390x/0.14.47:
    resolution: {integrity: sha512-eZrWzy0xFAhki1CWRGnhsHVz7IlSKX6yT2tj2Eg8lhAwlRE5E96Hsb0M1mPSE1dHGpt1QVwwVivXIAacF/G6mw==}
    engines: {node: '>=12'}
    cpu: [s390x]
    os: [linux]
    requiresBuild: true
    dev: false
    optional: true

  /esbuild-netbsd-64/0.14.47:
    resolution: {integrity: sha512-Qjdjr+KQQVH5Q2Q1r6HBYswFTToPpss3gqCiSw2Fpq/ua8+eXSQyAMG+UvULPqXceOwpnPo4smyZyHdlkcPppQ==}
    engines: {node: '>=12'}
    cpu: [x64]
    os: [netbsd]
    requiresBuild: true
    dev: false
    optional: true

  /esbuild-openbsd-64/0.14.47:
    resolution: {integrity: sha512-QpgN8ofL7B9z8g5zZqJE+eFvD1LehRlxr25PBkjyyasakm4599iroUpaj96rdqRlO2ShuyqwJdr+oNqWwTUmQw==}
    engines: {node: '>=12'}
    cpu: [x64]
    os: [openbsd]
    requiresBuild: true
    dev: false
    optional: true

  /esbuild-sunos-64/0.14.47:
    resolution: {integrity: sha512-uOeSgLUwukLioAJOiGYm3kNl+1wJjgJA8R671GYgcPgCx7QR73zfvYqXFFcIO93/nBdIbt5hd8RItqbbf3HtAQ==}
    engines: {node: '>=12'}
    cpu: [x64]
    os: [sunos]
    requiresBuild: true
    dev: false
    optional: true

  /esbuild-windows-32/0.14.47:
    resolution: {integrity: sha512-H0fWsLTp2WBfKLBgwYT4OTfFly4Im/8B5f3ojDv1Kx//kiubVY0IQunP2Koc/fr/0wI7hj3IiBDbSrmKlrNgLQ==}
    engines: {node: '>=12'}
    cpu: [ia32]
    os: [win32]
    requiresBuild: true
    dev: false
    optional: true

  /esbuild-windows-64/0.14.47:
    resolution: {integrity: sha512-/Pk5jIEH34T68r8PweKRi77W49KwanZ8X6lr3vDAtOlH5EumPE4pBHqkCUdELanvsT14yMXLQ/C/8XPi1pAtkQ==}
    engines: {node: '>=12'}
    cpu: [x64]
    os: [win32]
    requiresBuild: true
    dev: false
    optional: true

  /esbuild-windows-arm64/0.14.47:
    resolution: {integrity: sha512-HFSW2lnp62fl86/qPQlqw6asIwCnEsEoNIL1h2uVMgakddf+vUuMcCbtUY1i8sst7KkgHrVKCJQB33YhhOweCQ==}
    engines: {node: '>=12'}
    cpu: [arm64]
    os: [win32]
    requiresBuild: true
    dev: false
    optional: true

  /esbuild/0.14.47:
    resolution: {integrity: sha512-wI4ZiIfFxpkuxB8ju4MHrGwGLyp1+awEHAHVpx6w7a+1pmYIq8T9FGEVVwFo0iFierDoMj++Xq69GXWYn2EiwA==}
    engines: {node: '>=12'}
    hasBin: true
    requiresBuild: true
    optionalDependencies:
      esbuild-android-64: 0.14.47
      esbuild-android-arm64: 0.14.47
      esbuild-darwin-64: 0.14.47
      esbuild-darwin-arm64: 0.14.47
      esbuild-freebsd-64: 0.14.47
      esbuild-freebsd-arm64: 0.14.47
      esbuild-linux-32: 0.14.47
      esbuild-linux-64: 0.14.47
      esbuild-linux-arm: 0.14.47
      esbuild-linux-arm64: 0.14.47
      esbuild-linux-mips64le: 0.14.47
      esbuild-linux-ppc64le: 0.14.47
      esbuild-linux-riscv64: 0.14.47
      esbuild-linux-s390x: 0.14.47
      esbuild-netbsd-64: 0.14.47
      esbuild-openbsd-64: 0.14.47
      esbuild-sunos-64: 0.14.47
      esbuild-windows-32: 0.14.47
      esbuild-windows-64: 0.14.47
      esbuild-windows-arm64: 0.14.47
    dev: false

  /escalade/3.1.1:
    resolution: {integrity: sha512-k0er2gUkLf8O0zKJiAhmkTnJlTvINGv7ygDNPbeIsX/TJjGJZHuh9B2UxbsaEkmlEo9MfhrSzmhIlhRlI2GXnw==}
    engines: {node: '>=6'}
    dev: false

  /estree-walker/2.0.2:
    resolution: {integrity: sha512-Rfkk/Mp/DL7JVje3u18FxFujQlTNR2q6QfMSMB7AvCBx91NGj/ba3kCfza0f6dVDbw7YlRf/nDrn7pQrCCyQ/w==}
    dev: false

  /fast-glob/3.2.11:
    resolution: {integrity: sha512-xrO3+1bxSo3ZVHAnqzyuewYT6aMFHRAd4Kcs92MAonjwQZLsK9d0SF1IyQ3k5PoirxTW0Oe/RqFgMQ6TcNE5Ew==}
    engines: {node: '>=8.6.0'}
    dependencies:
      '@nodelib/fs.stat': 2.0.5
      '@nodelib/fs.walk': 1.2.8
      glob-parent: 5.1.2
      merge2: 1.4.1
      micromatch: 4.0.5
    dev: false

  /fastq/1.13.0:
    resolution: {integrity: sha512-YpkpUnK8od0o1hmeSc7UUs/eB/vIPWJYjKck2QKIzAf71Vm1AAQ3EbuZB3g2JIy+pg+ERD0vqI79KyZiB2e2Nw==}
    dependencies:
      reusify: 1.0.4
    dev: false

  /fill-range/7.0.1:
    resolution: {integrity: sha512-qOo9F+dMUmC2Lcb4BbVvnKJxTPjCm+RRpe4gDuGrzkL7mEVl/djYSu2OdQ2Pa302N4oqkSg9ir6jaLWJ2USVpQ==}
    engines: {node: '>=8'}
    dependencies:
      to-regex-range: 5.0.1
    dev: false

  /fraction.js/4.2.0:
    resolution: {integrity: sha512-MhLuK+2gUcnZe8ZHlaaINnQLl0xRIGRfcGk2yl8xoQAfHrSsL3rYu6FCmBdkdbhc9EPlwyGHewaRsvwRMJtAlA==}
    dev: false

  /fsevents/2.3.2:
    resolution: {integrity: sha512-xiqMQR4xAeHTuB9uWm+fFRcIOgKBMiOBP+eXiyT7jsgVCq1bkVygt00oASowB7EdtpOHaaPgKt812P9ab+DDKA==}
    engines: {node: ^8.16.0 || ^10.6.0 || >=11.0.0}
    os: [darwin]
    requiresBuild: true
    dev: false
    optional: true

  /function-bind/1.1.1:
    resolution: {integrity: sha512-yIovAzMX49sF8Yl58fSCWJ5svSLuaibPxXQJFLmBObTuCr0Mf1KiPopGM9NiFjiYBCbfaa2Fh6breQ6ANVTI0A==}
    dev: false

  /glob-parent/5.1.2:
    resolution: {integrity: sha512-AOIgSQCepiJYwP3ARnGx+5VnTu2HBYdzbGP45eLw1vr3zB3vZLeyed1sC9hnbcOc9/SrMyM5RPQrkGz4aS9Zow==}
    engines: {node: '>= 6'}
    dependencies:
      is-glob: 4.0.3
    dev: false

  /glob-parent/6.0.2:
    resolution: {integrity: sha512-XxwI8EOhVQgWp6iDL+3b0r86f4d6AX6zSU55HfB4ydCEuXLXc5FcYeOu+nnGftS4TEju/11rt4KJPTMgbfmv4A==}
    engines: {node: '>=10.13.0'}
    dependencies:
      is-glob: 4.0.3
    dev: false

  /good-listener/1.2.2:
    resolution: {integrity: sha1-1TswzfkxPf+33JoNR3CWqm0UXFA=}
    dependencies:
      delegate: 3.2.0
    dev: false

  /gsap/3.10.4:
    resolution: {integrity: sha512-6QatdkKxXCMfvCW4rM++0RqyLQAzFX5nwl3yHS0XPgkZBkiSEY3VZVbMltrdtsbER/xZonLtyHt684wRp4erlQ==}
    dev: false

  /has/1.0.3:
    resolution: {integrity: sha512-f2dvO0VU6Oej7RkWJGrehjbzMAjFp5/VKPp5tTpWIV4JHHZK1/BxbFRtf/siA2SWTe09caDmVtYYzWEIbBS4zw==}
    engines: {node: '>= 0.4.0'}
    dependencies:
      function-bind: 1.1.1
    dev: false

  /is-binary-path/2.1.0:
    resolution: {integrity: sha512-ZMERYes6pDydyuGidse7OsHxtbI7WVeUEozgR/g7rd0xUimYNlvZRE/K2MgZTjWy725IfelLeVcEM97mmtRGXw==}
    engines: {node: '>=8'}
    dependencies:
      binary-extensions: 2.2.0
    dev: false

  /is-core-module/2.9.0:
    resolution: {integrity: sha512-+5FPy5PnwmO3lvfMb0AsoPaBG+5KHUI0wYFXOtYPnVVVspTFUuMZNfNaNVRt3FZadstu2c8x23vykRW/NBoU6A==}
    dependencies:
      has: 1.0.3
    dev: false

  /is-extglob/2.1.1:
    resolution: {integrity: sha1-qIwCU1eR8C7TfHahueqXc8gz+MI=}
    engines: {node: '>=0.10.0'}
    dev: false

  /is-glob/4.0.3:
    resolution: {integrity: sha512-xelSayHH36ZgE7ZWhli7pW34hNbNl8Ojv5KVmkJD4hBdD3th8Tfk9vYasLM+mXWOZhFkgZfxhLSnrwRr4elSSg==}
    engines: {node: '>=0.10.0'}
    dependencies:
      is-extglob: 2.1.1
    dev: false

  /is-number/7.0.0:
    resolution: {integrity: sha512-41Cifkg6e8TylSpdtTpeLVMqvSBEVzTttHvERD741+pnZ8ANv0004MRL43QKPDlK9cGvNp6NZWZUBlbGXYxxng==}
    engines: {node: '>=0.12.0'}
    dev: false

  /jsonc-parser/3.0.0:
    resolution: {integrity: sha512-fQzRfAbIBnR0IQvftw9FJveWiHp72Fg20giDrHz6TdfB12UH/uue0D3hm57UB5KgAVuniLMCaS8P1IMj9NR7cA==}
    dev: false

  /lilconfig/2.0.5:
    resolution: {integrity: sha512-xaYmXZtTHPAw5m+xLN8ab9C+3a8YmV3asNSPOATITbtwrfbwaLJj8h66H1WMIpALCkqsIzK3h7oQ+PdX+LQ9Eg==}
    engines: {node: '>=10'}
    dev: false

  /magic-string/0.25.9:
    resolution: {integrity: sha512-RmF0AsMzgt25qzqqLc1+MbHmhdx0ojF2Fvs4XnOqz2ZOBXzzkEwc/dJQZCYHAn7v1jbVOjAZfK8msRn4BxO4VQ==}
    dependencies:
      sourcemap-codec: 1.4.8
    dev: false

  /merge2/1.4.1:
    resolution: {integrity: sha512-8q7VEgMJW4J8tcfVPy8g09NcQwZdbwFEqhe/WZkoIzjn/3TGDwtOCYtXGxA3O8tPzpczCCDgv+P2P5y00ZJOOg==}
    engines: {node: '>= 8'}
    dev: false

  /micromatch/4.0.5:
    resolution: {integrity: sha512-DMy+ERcEW2q8Z2Po+WNXuw3c5YaUSFjAO5GsJqfEl7UjvtIuFKO6ZrKvcItdy98dwFI2N1tg3zNIdKaQT+aNdA==}
    engines: {node: '>=8.6'}
    dependencies:
      braces: 3.0.2
      picomatch: 2.3.1
    dev: false

  /minimist/1.2.6:
    resolution: {integrity: sha512-Jsjnk4bw3YJqYzbdyBiNsPWHPfO++UGG749Cxs6peCu5Xg4nrena6OVxOYxrQTqww0Jmwt+Ref8rggumkTLz9Q==}
    dev: false

  /nanoid/3.3.4:
    resolution: {integrity: sha512-MqBkQh/OHTS2egovRtLk45wEyNXwF+cokD+1YPf9u5VfJiRdAiRwB2froX5Co9Rh20xs4siNPm8naNotSD6RBw==}
    engines: {node: ^10 || ^12 || ^13.7 || ^14 || >=15.0.1}
    hasBin: true
    dev: false

  /node-releases/2.0.5:
    resolution: {integrity: sha512-U9h1NLROZTq9uE1SNffn6WuPDg8icmi3ns4rEl/oTfIle4iLjTliCzgTsbaIFMq/Xn078/lfY/BL0GWZ+psK4Q==}
    dev: false

  /normalize-path/3.0.0:
    resolution: {integrity: sha512-6eZs5Ls3WtCisHWp9S2GUy8dqkpGi4BVSz3GaqiE6ezub0512ESztXUwUB6C6IKbQkY2Pnb/mD4WYojCRwcwLA==}
    engines: {node: '>=0.10.0'}
    dev: false

  /normalize-range/0.1.2:
    resolution: {integrity: sha1-LRDAa9/TEuqXd2laTShDlFa3WUI=}
    engines: {node: '>=0.10.0'}
    dev: false

  /normalize.css/8.0.1:
    resolution: {integrity: sha512-qizSNPO93t1YUuUhP22btGOo3chcvDFqFaj2TRybP0DMxkHOCTYwp3n34fel4a31ORXy4m1Xq0Gyqpb5m33qIg==}
    dev: false

  /object-hash/3.0.0:
    resolution: {integrity: sha512-RSn9F68PjH9HqtltsSnqYC1XXoWe9Bju5+213R98cNGttag9q9yAOTzdbsqvIa7aNm5WffBZFpWYr2aWrklWAw==}
    engines: {node: '>= 6'}
    dev: false

  /path-parse/1.0.7:
    resolution: {integrity: sha512-LDJzPVEEEPR+y48z93A0Ed0yXb8pAByGWo/k5YYdYgpY2/2EsOsksJrq7lOHxryrVOn1ejG6oAp8ahvOIQD8sw==}
    dev: false

  /picocolors/1.0.0:
    resolution: {integrity: sha512-1fygroTLlHu66zi26VoTDv8yRgm0Fccecssto+MhsZ0D/DGW2sm8E8AjW7NU5VVTRt5GxbeZ5qBuJr+HyLYkjQ==}
    dev: false

  /picomatch/2.3.1:
    resolution: {integrity: sha512-JU3teHTNjmE2VCGFzuY8EXzCDVwEqB2a8fsIvwaStHhAWJEeVd1o1QD80CU6+ZdEXXSLbSsuLwJjkCBWqRQUVA==}
    engines: {node: '>=8.6'}
    dev: false

  /pify/2.3.0:
    resolution: {integrity: sha1-7RQaasBDqEnqWISY59yosVMw6Qw=}
    engines: {node: '>=0.10.0'}
    dev: false

  /postcss-import/14.1.0_postcss@8.4.14:
    resolution: {integrity: sha512-flwI+Vgm4SElObFVPpTIT7SU7R3qk2L7PyduMcokiaVKuWv9d/U+Gm/QAd8NDLuykTWTkcrjOeD2Pp1rMeBTGw==}
    engines: {node: '>=10.0.0'}
    peerDependencies:
      postcss: ^8.0.0
    dependencies:
      postcss: 8.4.14
      postcss-value-parser: 4.2.0
      read-cache: 1.0.0
      resolve: 1.22.1
    dev: false

  /postcss-js/4.0.0_postcss@8.4.14:
    resolution: {integrity: sha512-77QESFBwgX4irogGVPgQ5s07vLvFqWr228qZY+w6lW599cRlK/HmnlivnnVUxkjHnCu4J16PDMHcH+e+2HbvTQ==}
    engines: {node: ^12 || ^14 || >= 16}
    peerDependencies:
      postcss: ^8.3.3
    dependencies:
      camelcase-css: 2.0.1
      postcss: 8.4.14
    dev: false

  /postcss-load-config/3.1.4_postcss@8.4.14:
    resolution: {integrity: sha512-6DiM4E7v4coTE4uzA8U//WhtPwyhiim3eyjEMFCnUpzbrkK9wJHgKDT2mR+HbtSrd/NubVaYTOpSpjUl8NQeRg==}
    engines: {node: '>= 10'}
    peerDependencies:
      postcss: '>=8.0.9'
      ts-node: '>=9.0.0'
    peerDependenciesMeta:
      postcss:
        optional: true
      ts-node:
        optional: true
    dependencies:
      lilconfig: 2.0.5
      postcss: 8.4.14
      yaml: 1.10.2
    dev: false

  /postcss-nested/5.0.6_postcss@8.4.14:
    resolution: {integrity: sha512-rKqm2Fk0KbA8Vt3AdGN0FB9OBOMDVajMG6ZCf/GoHgdxUJ4sBFp0A/uMIRm+MJUdo33YXEtjqIz8u7DAp8B7DA==}
    engines: {node: '>=12.0'}
    peerDependencies:
      postcss: ^8.2.14
    dependencies:
      postcss: 8.4.14
      postcss-selector-parser: 6.0.10
    dev: false

  /postcss-selector-parser/6.0.10:
    resolution: {integrity: sha512-IQ7TZdoaqbT+LCpShg46jnZVlhWD2w6iQYAcYXfHARZ7X1t/UGhhceQDs5X0cGqKvYlHNOuv7Oa1xmb0oQuA3w==}
    engines: {node: '>=4'}
    dependencies:
      cssesc: 3.0.0
      util-deprecate: 1.0.2
    dev: false

  /postcss-value-parser/4.2.0:
    resolution: {integrity: sha512-1NNCs6uurfkVbeXG4S8JFT9t19m45ICnif8zWLd5oPSZ50QnwMfK+H3jv408d4jw/7Bttv5axS5IiHoLaVNHeQ==}
    dev: false

  /postcss/8.4.14:
    resolution: {integrity: sha512-E398TUmfAYFPBSdzgeieK2Y1+1cpdxJx8yXbK/m57nRhKSmk1GB2tO4lbLBtlkfPQTDKfe4Xqv1ASWPpayPEig==}
    engines: {node: ^10 || ^12 || >=14}
    dependencies:
      nanoid: 3.3.4
      picocolors: 1.0.0
      source-map-js: 1.0.2
    dev: false

  /preact/10.8.2:
    resolution: {integrity: sha512-AKGt0BsDSiAYzVS78jZ9qRwuorY2CoSZtf1iOC6gLb/3QyZt+fLT09aYJBjRc/BEcRc4j+j3ggERMdNE43i1LQ==}
    dev: false

  /queue-microtask/1.2.3:
    resolution: {integrity: sha512-NuaNSa6flKT5JaSYQzJok04JzTL1CA6aGhv5rfLW3PgqA+M2ChpZQnAC8h8i4ZFkBS8X5RqkDBHA7r4hej3K9A==}
    dev: false

  /quick-lru/5.1.1:
    resolution: {integrity: sha512-WuyALRjWPDGtt/wzJiadO5AXY+8hZ80hVpe6MyivgraREW751X3SbhRvG3eLKOYN+8VEvqLcf3wdnt44Z4S4SA==}
    engines: {node: '>=10'}
    dev: false

  /read-cache/1.0.0:
    resolution: {integrity: sha1-5mTvMRYRZsl1HNvo28+GtftY93Q=}
    dependencies:
      pify: 2.3.0
    dev: false

  /readdirp/3.6.0:
    resolution: {integrity: sha512-hOS089on8RduqdbhvQ5Z37A0ESjsqz6qnRcffsMU3495FuTdqSm+7bhJ29JvIOsBDEEnan5DPu9t3To9VRlMzA==}
    engines: {node: '>=8.10.0'}
    dependencies:
      picomatch: 2.3.1
    dev: false

  /resolve/1.22.1:
    resolution: {integrity: sha512-nBpuuYuY5jFsli/JIs1oldw6fOQCBioohqWZg/2hiaOybXOft4lonv85uDOKXdf8rhyK159cxU5cDcK/NKk8zw==}
    hasBin: true
    dependencies:
      is-core-module: 2.9.0
      path-parse: 1.0.7
      supports-preserve-symlinks-flag: 1.0.0
    dev: false

  /reusify/1.0.4:
    resolution: {integrity: sha512-U9nH88a3fc/ekCF1l0/UP1IosiuIjyTh7hBvXVMHYgVcfGvt897Xguj2UOLDeI5BG2m7/uwyaLVT6fbtCwTyzw==}
    engines: {iojs: '>=1.0.0', node: '>=0.10.0'}
    dev: false

  /rollup/2.75.7:
    resolution: {integrity: sha512-VSE1iy0eaAYNCxEXaleThdFXqZJ42qDBatAwrfnPlENEZ8erQ+0LYX4JXOLPceWfZpV1VtZwZ3dFCuOZiSyFtQ==}
    engines: {node: '>=10.0.0'}
    hasBin: true
    optionalDependencies:
      fsevents: 2.3.2
    dev: false

  /run-parallel/1.2.0:
    resolution: {integrity: sha512-5l4VyZR86LZ/lDxZTR6jqL8AFE2S0IFLMP26AbjsLVADxHdhB/c0GUsH+y39UfCi3dzz8OlQuPmnaJOMoDHQBA==}
    dependencies:
      queue-microtask: 1.2.3
    dev: false

  /select/1.1.2:
    resolution: {integrity: sha1-DnNQrN7ICxEIUoeG7B1EGNEbOW0=}
    dev: false

  /shiki/0.10.1:
    resolution: {integrity: sha512-VsY7QJVzU51j5o1+DguUd+6vmCmZ5v/6gYu4vyYAhzjuNQU6P/vmSy4uQaOhvje031qQMiW0d2BwgMH52vqMng==}
    dependencies:
      jsonc-parser: 3.0.0
      vscode-oniguruma: 1.6.2
      vscode-textmate: 5.2.0
    dev: false

  /shiki/0.9.15:
    resolution: {integrity: sha512-/Y0z9IzhJ8nD9nbceORCqu6NgT9X6I8Fk8c3SICHI5NbZRLdZYFaB233gwct9sU0vvSypyaL/qaKvzyQGJBZSw==}
    dependencies:
      jsonc-parser: 3.0.0
      vscode-oniguruma: 1.6.2
      vscode-textmate: 5.2.0
    dev: false

  /source-map-js/1.0.2:
    resolution: {integrity: sha512-R0XvVJ9WusLiqTCEiGCmICCMplcCkIwwR11mOSD9CR5u+IXYdiseeEuXCVAjS54zqwkLcPNnmU4OeJ6tUrWhDw==}
    engines: {node: '>=0.10.0'}
    dev: false

  /source-map/0.6.1:
    resolution: {integrity: sha512-UjgapumWlbMhkBgzT7Ykc5YXUT46F0iKu8SGXq0bcwP5dz/h0Plj6enJqjz1Zbq2l5WaqYnrVbwWOWMyF3F47g==}
    engines: {node: '>=0.10.0'}
    dev: false

  /sourcemap-codec/1.4.8:
    resolution: {integrity: sha512-9NykojV5Uih4lgo5So5dtw+f0JgJX30KCNI8gwhz2J9A15wD0Ml6tjHKwf6fTSa6fAdVBdZeNOs9eJ71qCk8vA==}
    dev: false

  /supports-preserve-symlinks-flag/1.0.0:
    resolution: {integrity: sha512-ot0WnXS9fgdkgIcePe6RHNk1WA8+muPa6cSjeR3V8K27q9BB1rTE3R1p7Hv0z1ZyAc8s6Vvv8DIyWf681MAt0w==}
    engines: {node: '>= 0.4'}
    dev: false

  /tailwindcss/3.1.4:
    resolution: {integrity: sha512-NrxbFV4tYsga/hpWbRyUfIaBrNMXDxx5BsHgBS4v5tlyjf+sDsgBg5m9OxjrXIqAS/uR9kicxLKP+bEHI7BSeQ==}
    engines: {node: '>=12.13.0'}
    hasBin: true
    dependencies:
      arg: 5.0.2
      chokidar: 3.5.3
      color-name: 1.1.4
      detective: 5.2.1
      didyoumean: 1.2.2
      dlv: 1.1.3
      fast-glob: 3.2.11
      glob-parent: 6.0.2
      is-glob: 4.0.3
      lilconfig: 2.0.5
      normalize-path: 3.0.0
      object-hash: 3.0.0
      picocolors: 1.0.0
      postcss: 8.4.14
      postcss-import: 14.1.0_postcss@8.4.14
      postcss-js: 4.0.0_postcss@8.4.14
      postcss-load-config: 3.1.4_postcss@8.4.14
      postcss-nested: 5.0.6_postcss@8.4.14
      postcss-selector-parser: 6.0.10
      postcss-value-parser: 4.2.0
      quick-lru: 5.1.1
      resolve: 1.22.1
    transitivePeerDependencies:
      - ts-node
    dev: false

  /tiny-emitter/2.1.0:
    resolution: {integrity: sha512-NB6Dk1A9xgQPMoGqC5CVXn123gWyte215ONT5Pp5a0yt4nlEoO1ZWeCwpncaekPHXO60i47ihFnZPiRPjRMq4Q==}
    dev: false

  /to-fast-properties/2.0.0:
    resolution: {integrity: sha1-3F5pjL0HkmW8c+A3doGk5Og/YW4=}
    engines: {node: '>=4'}
    dev: false

  /to-regex-range/5.0.1:
    resolution: {integrity: sha512-65P7iz6X5yEr1cwcgvQxbbIw7Uk3gOy5dIdtZ4rDveLqhrdJP+Li/Hx6tyK0NEb+2GCyneCMJiGqrADCSNk8sQ==}
    engines: {node: '>=8.0'}
    dependencies:
      is-number: 7.0.0
    dev: false

  /update-browserslist-db/1.0.4_browserslist@4.21.0:
    resolution: {integrity: sha512-jnmO2BEGUjsMOe/Fg9u0oczOe/ppIDZPebzccl1yDWGLFP16Pa1/RM5wEoKYPG2zstNcDuAStejyxsOuKINdGA==}
    hasBin: true
    peerDependencies:
      browserslist: '>= 4.21.0'
    dependencies:
      browserslist: 4.21.0
      escalade: 3.1.1
      picocolors: 1.0.0
    dev: false

  /util-deprecate/1.0.2:
    resolution: {integrity: sha1-RQ1Nyfpw3nMnYvvS1KKJgUGaDM8=}
    dev: false

  /vite/2.9.12:
    resolution: {integrity: sha512-suxC36dQo9Rq1qMB2qiRorNJtJAdxguu5TMvBHOc/F370KvqAe9t48vYp+/TbPKRNrMh/J55tOUmkuIqstZaew==}
    engines: {node: '>=12.2.0'}
    hasBin: true
    peerDependencies:
      less: '*'
      sass: '*'
      stylus: '*'
    peerDependenciesMeta:
      less:
        optional: true
      sass:
        optional: true
      stylus:
        optional: true
    dependencies:
      esbuild: 0.14.47
      postcss: 8.4.14
      resolve: 1.22.1
      rollup: 2.75.7
    optionalDependencies:
      fsevents: 2.3.2
    dev: false

  /vitepress/1.0.0-alpha.4:
    resolution: {integrity: sha512-bOAA4KW6vYGlkbcrPLZLTKWTgXVroObU+o9xj9EENyEl6yg26WWvfN7DGA4BftjdM5O8nR93Z5khPQ3W/tFE7Q==}
    engines: {node: '>=14.6.0'}
    hasBin: true
    dependencies:
      '@docsearch/css': 3.1.0
      '@docsearch/js': 3.1.0
      '@vitejs/plugin-vue': 2.3.3_vite@2.9.12+vue@3.2.37
      '@vue/devtools-api': 6.1.4
      '@vueuse/core': 8.7.5_vue@3.2.37
      body-scroll-lock: 4.0.0-beta.0
      shiki: 0.10.1
      vite: 2.9.12
      vue: 3.2.37
    transitivePeerDependencies:
      - '@types/react'
      - '@vue/composition-api'
      - less
      - react
      - react-dom
      - sass
      - stylus
    dev: false

  /vscode-oniguruma/1.6.2:
    resolution: {integrity: sha512-KH8+KKov5eS/9WhofZR8M8dMHWN2gTxjMsG4jd04YhpbPR91fUj7rYQ2/XjeHCJWbg7X++ApRIU9NUwM2vTvLA==}
    dev: false

  /vscode-textmate/5.2.0:
    resolution: {integrity: sha512-Uw5ooOQxRASHgu6C7GVvUxisKXfSgW4oFlO+aa+PAkgmH89O3CXxEEzNRNtHSqtXFTl0nAC1uYj0GMSH27uwtQ==}
    dev: false

  /vue-demi/0.13.1_vue@3.2.37:
    resolution: {integrity: sha512-xmkJ56koG3ptpLnpgmIzk9/4nFf4CqduSJbUM0OdPoU87NwRuZ6x49OLhjSa/fC15fV+5CbEnrxU4oyE022svg==}
    engines: {node: '>=12'}
    hasBin: true
    requiresBuild: true
    peerDependencies:
      '@vue/composition-api': ^1.0.0-rc.1
      vue: ^3.0.0-0 || ^2.6.0
    peerDependenciesMeta:
      '@vue/composition-api':
        optional: true
    dependencies:
      vue: 3.2.37
    dev: false

  /vue/3.2.37:
    resolution: {integrity: sha512-bOKEZxrm8Eh+fveCqS1/NkG/n6aMidsI6hahas7pa0w/l7jkbssJVsRhVDs07IdDq7h9KHswZOgItnwJAgtVtQ==}
    dependencies:
      '@vue/compiler-dom': 3.2.37
      '@vue/compiler-sfc': 3.2.37
      '@vue/runtime-dom': 3.2.37
      '@vue/server-renderer': 3.2.37_vue@3.2.37
      '@vue/shared': 3.2.37
    dev: false

  /xtend/4.0.2:
    resolution: {integrity: sha512-LKYU1iAXJXUgAXn9URjiu+MWhyUXHsvfp7mcuYm9dSUKK0/CjtrUwFAxD82/mCWbtLsGjFIad0wIsod4zrTAEQ==}
    engines: {node: '>=0.4'}
    dev: false

  /yaml/1.10.2:
    resolution: {integrity: sha512-r3vXyErRCYJ7wg28yvBY5VSoAF8ZvlcW9/BwUzEtUsjvX/DKs24dIkuwjtuprwJJHsbyUbLApepYTR1BN4uHrg==}
    engines: {node: '>= 6'}
    dev: false
